// !$*UTF8*$!
{
	archiveVersion = 1;
	classes = {
	};
	objectVersion = 56;
	objects = {

/* Begin PBXBuildFile section */
		05E70FD5290AB069003BAA6D /* Eman.swift in Sources */ = {isa = PBXBuildFile; fileRef = 05E70FD4290AB069003BAA6D /* Eman.swift */; };
		05EF046329094E70000781E2 /* _6_octApp.swift in Sources */ = {isa = PBXBuildFile; fileRef = 05EF046229094E70000781E2 /* _6_octApp.swift */; };
		05EF046529094E70000781E2 /* ContentView.swift in Sources */ = {isa = PBXBuildFile; fileRef = 05EF046429094E70000781E2 /* ContentView.swift */; };
		05EF046729094E71000781E2 /* Assets.xcassets in Resources */ = {isa = PBXBuildFile; fileRef = 05EF046629094E71000781E2 /* Assets.xcassets */; };
		05EF046B29094E71000781E2 /* Preview Assets.xcassets in Resources */ = {isa = PBXBuildFile; fileRef = 05EF046A29094E71000781E2 /* Preview Assets.xcassets */; };
		05EF047529094E71000781E2 /* _6_octTests.swift in Sources */ = {isa = PBXBuildFile; fileRef = 05EF047429094E71000781E2 /* _6_octTests.swift */; };
		05EF047F29094E71000781E2 /* _6_octUITests.swift in Sources */ = {isa = PBXBuildFile; fileRef = 05EF047E29094E71000781E2 /* _6_octUITests.swift */; };
		05EF048129094E71000781E2 /* _6_octUITestsLaunchTests.swift in Sources */ = {isa = PBXBuildFile; fileRef = 05EF048029094E71000781E2 /* _6_octUITestsLaunchTests.swift */; };
/* End PBXBuildFile section */

/* Begin PBXContainerItemProxy section */
		05EF047129094E71000781E2 /* PBXContainerItemProxy */ = {
			isa = PBXContainerItemProxy;
			containerPortal = 05EF045729094E70000781E2 /* Project object */;
			proxyType = 1;
			remoteGlobalIDString = 05EF045E29094E70000781E2;
			remoteInfo = 26.oct;
		};
		05EF047B29094E71000781E2 /* PBXContainerItemProxy */ = {
			isa = PBXContainerItemProxy;
			containerPortal = 05EF045729094E70000781E2 /* Project object */;
			proxyType = 1;
			remoteGlobalIDString = 05EF045E29094E70000781E2;
			remoteInfo = 26.oct;
		};
/* End PBXContainerItemProxy section */

/* Begin PBXFileReference section */
		05E70FD4290AB069003BAA6D /* Eman.swift */ = {isa = PBXFileReference; lastKnownFileType = sourcecode.swift; path = Eman.swift; sourceTree = "<group>"; };
		05EF045F29094E70000781E2 /* 26.oct.app */ = {isa = PBXFileReference; explicitFileType = wrapper.application; includeInIndex = 0; path = 26.oct.app; sourceTree = BUILT_PRODUCTS_DIR; };
		05EF046229094E70000781E2 /* _6_octApp.swift */ = {isa = PBXFileReference; lastKnownFileType = sourcecode.swift; path = _6_octApp.swift; sourceTree = "<group>"; };
		05EF046429094E70000781E2 /* ContentView.swift */ = {isa = PBXFileReference; lastKnownFileType = sourcecode.swift; path = ContentView.swift; sourceTree = "<group>"; };
		05EF046629094E71000781E2 /* Assets.xcassets */ = {isa = PBXFileReference; lastKnownFileType = folder.assetcatalog; path = Assets.xcassets; sourceTree = "<group>"; };
		05EF046829094E71000781E2 /* _6_oct.entitlements */ = {isa = PBXFileReference; lastKnownFileType = text.plist.entitlements; path = _6_oct.entitlements; sourceTree = "<group>"; };
		05EF046A29094E71000781E2 /* Preview Assets.xcassets */ = {isa = PBXFileReference; lastKnownFileType = folder.assetcatalog; path = "Preview Assets.xcassets"; sourceTree = "<group>"; };
		05EF047029094E71000781E2 /* 26.octTests.xctest */ = {isa = PBXFileReference; explicitFileType = wrapper.cfbundle; includeInIndex = 0; path = 26.octTests.xctest; sourceTree = BUILT_PRODUCTS_DIR; };
		05EF047429094E71000781E2 /* _6_octTests.swift */ = {isa = PBXFileReference; lastKnownFileType = sourcecode.swift; path = _6_octTests.swift; sourceTree = "<group>"; };
		05EF047A29094E71000781E2 /* 26.octUITests.xctest */ = {isa = PBXFileReference; explicitFileType = wrapper.cfbundle; includeInIndex = 0; path = 26.octUITests.xctest; sourceTree = BUILT_PRODUCTS_DIR; };
		05EF047E29094E71000781E2 /* _6_octUITests.swift */ = {isa = PBXFileReference; lastKnownFileType = sourcecode.swift; path = _6_octUITests.swift; sourceTree = "<group>"; };
		05EF048029094E71000781E2 /* _6_octUITestsLaunchTests.swift */ = {isa = PBXFileReference; lastKnownFileType = sourcecode.swift; path = _6_octUITestsLaunchTests.swift; sourceTree = "<group>"; };
/* End PBXFileReference section */

/* Begin PBXFrameworksBuildPhase section */
		05EF045C29094E70000781E2 /* Frameworks */ = {
			isa = PBXFrameworksBuildPhase;
			buildActionMask = 2147483647;
			files = (
			);
			runOnlyForDeploymentPostprocessing = 0;
		};
		05EF046D29094E71000781E2 /* Frameworks */ = {
			isa = PBXFrameworksBuildPhase;
			buildActionMask = 2147483647;
			files = (
			);
			runOnlyForDeploymentPostprocessing = 0;
		};
		05EF047729094E71000781E2 /* Frameworks */ = {
			isa = PBXFrameworksBuildPhase;
			buildActionMask = 2147483647;
			files = (
			);
			runOnlyForDeploymentPostprocessing = 0;
		};
/* End PBXFrameworksBuildPhase section */

/* Begin PBXGroup section */
		05EF045629094E70000781E2 = {
			isa = PBXGroup;
			children = (
				05EF046129094E70000781E2 /* 26.oct */,
				05EF047329094E71000781E2 /* 26.octTests */,
				05EF047D29094E71000781E2 /* 26.octUITests */,
				05EF046029094E70000781E2 /* Products */,
			);
			sourceTree = "<group>";
		};
		05EF046029094E70000781E2 /* Products */ = {
			isa = PBXGroup;
			children = (
				05EF045F29094E70000781E2 /* 26.oct.app */,
				05EF047029094E71000781E2 /* 26.octTests.xctest */,
				05EF047A29094E71000781E2 /* 26.octUITests.xctest */,
			);
			name = Products;
			sourceTree = "<group>";
		};
		05EF046129094E70000781E2 /* 26.oct */ = {
			isa = PBXGroup;
			children = (
				05EF046229094E70000781E2 /* _6_octApp.swift */,
				05EF046429094E70000781E2 /* ContentView.swift */,
				05E70FD4290AB069003BAA6D /* Eman.swift */,
				05EF046629094E71000781E2 /* Assets.xcassets */,
				05EF046829094E71000781E2 /* _6_oct.entitlements */,
				05EF046929094E71000781E2 /* Preview Content */,
			);
			path = 26.oct;
			sourceTree = "<group>";
		};
		05EF046929094E71000781E2 /* Preview Content */ = {
			isa = PBXGroup;
			children = (
				05EF046A29094E71000781E2 /* Preview Assets.xcassets */,
			);
			path = "Preview Content";
			sourceTree = "<group>";
		};
		05EF047329094E71000781E2 /* 26.octTests */ = {
			isa = PBXGroup;
			children = (
				05EF047429094E71000781E2 /* _6_octTests.swift */,
			);
			path = 26.octTests;
			sourceTree = "<group>";
		};
		05EF047D29094E71000781E2 /* 26.octUITests */ = {
			isa = PBXGroup;
			children = (
				05EF047E29094E71000781E2 /* _6_octUITests.swift */,
				05EF048029094E71000781E2 /* _6_octUITestsLaunchTests.swift */,
			);
			path = 26.octUITests;
			sourceTree = "<group>";
		};
/* End PBXGroup section */

/* Begin PBXNativeTarget section */
		05EF045E29094E70000781E2 /* 26.oct */ = {
			isa = PBXNativeTarget;
			buildConfigurationList = 05EF048429094E71000781E2 /* Build configuration list for PBXNativeTarget "26.oct" */;
			buildPhases = (
				05EF045B29094E70000781E2 /* Sources */,
				05EF045C29094E70000781E2 /* Frameworks */,
				05EF045D29094E70000781E2 /* Resources */,
			);
			buildRules = (
			);
			dependencies = (
			);
			name = 26.oct;
			productName = 26.oct;
			productReference = 05EF045F29094E70000781E2 /* 26.oct.app */;
			productType = "com.apple.product-type.application";
		};
		05EF046F29094E71000781E2 /* 26.octTests */ = {
			isa = PBXNativeTarget;
			buildConfigurationList = 05EF048729094E71000781E2 /* Build configuration list for PBXNativeTarget "26.octTests" */;
			buildPhases = (
				05EF046C29094E71000781E2 /* Sources */,
				05EF046D29094E71000781E2 /* Frameworks */,
				05EF046E29094E71000781E2 /* Resources */,
			);
			buildRules = (
			);
			dependencies = (
				05EF047229094E71000781E2 /* PBXTargetDependency */,
			);
			name = 26.octTests;
			productName = 26.octTests;
			productReference = 05EF047029094E71000781E2 /* 26.octTests.xctest */;
			productType = "com.apple.product-type.bundle.unit-test";
		};
		05EF047929094E71000781E2 /* 26.octUITests */ = {
			isa = PBXNativeTarget;
			buildConfigurationList = 05EF048A29094E71000781E2 /* Build configuration list for PBXNativeTarget "26.octUITests" */;
			buildPhases = (
				05EF047629094E71000781E2 /* Sources */,
				05EF047729094E71000781E2 /* Frameworks */,
				05EF047829094E71000781E2 /* Resources */,
			);
			buildRules = (
			);
			dependencies = (
				05EF047C29094E71000781E2 /* PBXTargetDependency */,
			);
			name = 26.octUITests;
			productName = 26.octUITests;
			productReference = 05EF047A29094E71000781E2 /* 26.octUITests.xctest */;
			productType = "com.apple.product-type.bundle.ui-testing";
		};
/* End PBXNativeTarget section */

/* Begin PBXProject section */
		05EF045729094E70000781E2 /* Project object */ = {
			isa = PBXProject;
			attributes = {
				BuildIndependentTargetsInParallel = 1;
				LastSwiftUpdateCheck = 1400;
				LastUpgradeCheck = 1400;
				TargetAttributes = {
					05EF045E29094E70000781E2 = {
						CreatedOnToolsVersion = 14.0.1;
					};
					05EF046F29094E71000781E2 = {
						CreatedOnToolsVersion = 14.0.1;
						TestTargetID = 05EF045E29094E70000781E2;
					};
					05EF047929094E71000781E2 = {
						CreatedOnToolsVersion = 14.0.1;
						TestTargetID = 05EF045E29094E70000781E2;
					};
				};
			};
			buildConfigurationList = 05EF045A29094E70000781E2 /* Build configuration list for PBXProject "26.oct" */;
			compatibilityVersion = "Xcode 14.0";
			developmentRegion = en;
			hasScannedForEncodings = 0;
			knownRegions = (
				en,
				Base,
			);
			mainGroup = 05EF045629094E70000781E2;
			productRefGroup = 05EF046029094E70000781E2 /* Products */;
			projectDirPath = "";
			projectRoot = "";
			targets = (
				05EF045E29094E70000781E2 /* 26.oct */,
				05EF046F29094E71000781E2 /* 26.octTests */,
				05EF047929094E71000781E2 /* 26.octUITests */,
			);
		};
/* End PBXProject section */

/* Begin PBXResourcesBuildPhase section */
		05EF045D29094E70000781E2 /* Resources */ = {
			isa = PBXResourcesBuildPhase;
			buildActionMask = 2147483647;
			files = (
				05EF046B29094E71000781E2 /* Preview Assets.xcassets in Resources */,
				05EF046729094E71000781E2 /* Assets.xcassets in Resources */,
			);
			runOnlyForDeploymentPostprocessing = 0;
		};
		05EF046E29094E71000781E2 /* Resources */ = {
			isa = PBXResourcesBuildPhase;
			buildActionMask = 2147483647;
			files = (
			);
			runOnlyForDeploymentPostprocessing = 0;
		};
		05EF047829094E71000781E2 /* Resources */ = {
			isa = PBXResourcesBuildPhase;
			buildActionMask = 2147483647;
			files = (
			);
			runOnlyForDeploymentPostprocessing = 0;
		};
/* End PBXResourcesBuildPhase section */

/* Begin PBXSourcesBuildPhase section */
		05EF045B29094E70000781E2 /* Sources */ = {
			isa = PBXSourcesBuildPhase;
			buildActionMask = 2147483647;
			files = (
				05EF046529094E70000781E2 /* ContentView.swift in Sources */,
				05EF046329094E70000781E2 /* _6_octApp.swift in Sources */,
				05E70FD5290AB069003BAA6D /* Eman.swift in Sources */,
			);
			runOnlyForDeploymentPostprocessing = 0;
		};
		05EF046C29094E71000781E2 /* Sources */ = {
			isa = PBXSourcesBuildPhase;
			buildActionMask = 2147483647;
			files = (
				05EF047529094E71000781E2 /* _6_octTests.swift in Sources */,
			);
			runOnlyForDeploymentPostprocessing = 0;
		};
		05EF047629094E71000781E2 /* Sources */ = {
			isa = PBXSourcesBuildPhase;
			buildActionMask = 2147483647;
			files = (
				05EF048129094E71000781E2 /* _6_octUITestsLaunchTests.swift in Sources */,
				05EF047F29094E71000781E2 /* _6_octUITests.swift in Sources */,
			);
			runOnlyForDeploymentPostprocessing = 0;
		};
/* End PBXSourcesBuildPhase section */

/* Begin PBXTargetDependency section */
		05EF047229094E71000781E2 /* PBXTargetDependency */ = {
			isa = PBXTargetDependency;
			target = 05EF045E29094E70000781E2 /* 26.oct */;
			targetProxy = 05EF047129094E71000781E2 /* PBXContainerItemProxy */;
		};
		05EF047C29094E71000781E2 /* PBXTargetDependency */ = {
			isa = PBXTargetDependency;
			target = 05EF045E29094E70000781E2 /* 26.oct */;
			targetProxy = 05EF047B29094E71000781E2 /* PBXContainerItemProxy */;
		};
/* End PBXTargetDependency section */

/* Begin XCBuildConfiguration section */
		05EF048229094E71000781E2 /* Debug */ = {
			isa = XCBuildConfiguration;
			buildSettings = {
				ALWAYS_SEARCH_USER_PATHS = NO;
				CLANG_ANALYZER_NONNULL = YES;
				CLANG_ANALYZER_NUMBER_OBJECT_CONVERSION = YES_AGGRESSIVE;
				CLANG_CXX_LANGUAGE_STANDARD = "gnu++20";
				CLANG_ENABLE_MODULES = YES;
				CLANG_ENABLE_OBJC_ARC = YES;
				CLANG_ENABLE_OBJC_WEAK = YES;
				CLANG_WARN_BLOCK_CAPTURE_AUTORELEASING = YES;
				CLANG_WARN_BOOL_CONVERSION = YES;
				CLANG_WARN_COMMA = YES;
				CLANG_WARN_CONSTANT_CONVERSION = YES;
				CLANG_WARN_DEPRECATED_OBJC_IMPLEMENTATIONS = YES;
				CLANG_WARN_DIRECT_OBJC_ISA_USAGE = YES_ERROR;
				CLANG_WARN_DOCUMENTATION_COMMENTS = YES;
				CLANG_WARN_EMPTY_BODY = YES;
				CLANG_WARN_ENUM_CONVERSION = YES;
				CLANG_WARN_INFINITE_RECURSION = YES;
				CLANG_WARN_INT_CONVERSION = YES;
				CLANG_WARN_NON_LITERAL_NULL_CONVERSION = YES;
				CLANG_WARN_OBJC_IMPLICIT_RETAIN_SELF = YES;
				CLANG_WARN_OBJC_LITERAL_CONVERSION = YES;
				CLANG_WARN_OBJC_ROOT_CLASS = YES_ERROR;
				CLANG_WARN_QUOTED_INCLUDE_IN_FRAMEWORK_HEADER = YES;
				CLANG_WARN_RANGE_LOOP_ANALYSIS = YES;
				CLANG_WARN_STRICT_PROTOTYPES = YES;
				CLANG_WARN_SUSPICIOUS_MOVE = YES;
				CLANG_WARN_UNGUARDED_AVAILABILITY = YES_AGGRESSIVE;
				CLANG_WARN_UNREACHABLE_CODE = YES;
				CLANG_WARN__DUPLICATE_METHOD_MATCH = YES;
				COPY_PHASE_STRIP = NO;
				DEBUG_INFORMATION_FORMAT = dwarf;
				ENABLE_STRICT_OBJC_MSGSEND = YES;
				ENABLE_TESTABILITY = YES;
				GCC_C_LANGUAGE_STANDARD = gnu11;
				GCC_DYNAMIC_NO_PIC = NO;
				GCC_NO_COMMON_BLOCKS = YES;
				GCC_OPTIMIZATION_LEVEL = 0;
				GCC_PREPROCESSOR_DEFINITIONS = (
					"DEBUG=1",
					"$(inherited)",
				);
				GCC_WARN_64_TO_32_BIT_CONVERSION = YES;
				GCC_WARN_ABOUT_RETURN_TYPE = YES_ERROR;
				GCC_WARN_UNDECLARED_SELECTOR = YES;
				GCC_WARN_UNINITIALIZED_AUTOS = YES_AGGRESSIVE;
				GCC_WARN_UNUSED_FUNCTION = YES;
				GCC_WARN_UNUSED_VARIABLE = YES;
				MTL_ENABLE_DEBUG_INFO = INCLUDE_SOURCE;
				MTL_FAST_MATH = YES;
				ONLY_ACTIVE_ARCH = YES;
				SWIFT_ACTIVE_COMPILATION_CONDITIONS = DEBUG;
				SWIFT_OPTIMIZATION_LEVEL = "-Onone";
			};
			name = Debug;
		};
		05EF048329094E71000781E2 /* Release */ = {
			isa = XCBuildConfiguration;
			buildSettings = {
				ALWAYS_SEARCH_USER_PATHS = NO;
				CLANG_ANALYZER_NONNULL = YES;
				CLANG_ANALYZER_NUMBER_OBJECT_CONVERSION = YES_AGGRESSIVE;
				CLANG_CXX_LANGUAGE_STANDARD = "gnu++20";
				CLANG_ENABLE_MODULES = YES;
				CLANG_ENABLE_OBJC_ARC = YES;
				CLANG_ENABLE_OBJC_WEAK = YES;
				CLANG_WARN_BLOCK_CAPTURE_AUTORELEASING = YES;
				CLANG_WARN_BOOL_CONVERSION = YES;
				CLANG_WARN_COMMA = YES;
				CLANG_WARN_CONSTANT_CONVERSION = YES;
				CLANG_WARN_DEPRECATED_OBJC_IMPLEMENTATIONS = YES;
				CLANG_WARN_DIRECT_OBJC_ISA_USAGE = YES_ERROR;
				CLANG_WARN_DOCUMENTATION_COMMENTS = YES;
				CLANG_WARN_EMPTY_BODY = YES;
				CLANG_WARN_ENUM_CONVERSION = YES;
				CLANG_WARN_INFINITE_RECURSION = YES;
				CLANG_WARN_INT_CONVERSION = YES;
				CLANG_WARN_NON_LITERAL_NULL_CONVERSION = YES;
				CLANG_WARN_OBJC_IMPLICIT_RETAIN_SELF = YES;
				CLANG_WARN_OBJC_LITERAL_CONVERSION = YES;
				CLANG_WARN_OBJC_ROOT_CLASS = YES_ERROR;
				CLANG_WARN_QUOTED_INCLUDE_IN_FRAMEWORK_HEADER = YES;
				CLANG_WARN_RANGE_LOOP_ANALYSIS = YES;
				CLANG_WARN_STRICT_PROTOTYPES = YES;
				CLANG_WARN_SUSPICIOUS_MOVE = YES;
				CLANG_WARN_UNGUARDED_AVAILABILITY = YES_AGGRESSIVE;
				CLANG_WARN_UNREACHABLE_CODE = YES;
				CLANG_WARN__DUPLICATE_METHOD_MATCH = YES;
				COPY_PHASE_STRIP = NO;
				DEBUG_INFORMATION_FORMAT = "dwarf-with-dsym";
				ENABLE_NS_ASSERTIONS = NO;
				ENABLE_STRICT_OBJC_MSGSEND = YES;
				GCC_C_LANGUAGE_STANDARD = gnu11;
				GCC_NO_COMMON_BLOCKS = YES;
				GCC_WARN_64_TO_32_BIT_CONVERSION = YES;
				GCC_WARN_ABOUT_RETURN_TYPE = YES_ERROR;
				GCC_WARN_UNDECLARED_SELECTOR = YES;
				GCC_WARN_UNINITIALIZED_AUTOS = YES_AGGRESSIVE;
				GCC_WARN_UNUSED_FUNCTION = YES;
				GCC_WARN_UNUSED_VARIABLE = YES;
				MTL_ENABLE_DEBUG_INFO = NO;
				MTL_FAST_MATH = YES;
				SWIFT_COMPILATION_MODE = wholemodule;
				SWIFT_OPTIMIZATION_LEVEL = "-O";
			};
			name = Release;
		};
		05EF048529094E71000781E2 /* Debug */ = {
			isa = XCBuildConfiguration;
			buildSettings = {
				ASSETCATALOG_COMPILER_APPICON_NAME = AppIcon;
				ASSETCATALOG_COMPILER_GLOBAL_ACCENT_COLOR_NAME = AccentColor;
				CODE_SIGN_ENTITLEMENTS = 26.oct/_6_oct.entitlements;
				CODE_SIGN_STYLE = Automatic;
				CURRENT_PROJECT_VERSION = 1;
				DEVELOPMENT_ASSET_PATHS = "\"26.oct/Preview Content\"";
				ENABLE_PREVIEWS = YES;
				GENERATE_INFOPLIST_FILE = YES;
				"INFOPLIST_KEY_UIApplicationSceneManifest_Generation[sdk=iphoneos*]" = YES;
				"INFOPLIST_KEY_UIApplicationSceneManifest_Generation[sdk=iphonesimulator*]" = YES;
				"INFOPLIST_KEY_UIApplicationSupportsIndirectInputEvents[sdk=iphoneos*]" = YES;
				"INFOPLIST_KEY_UIApplicationSupportsIndirectInputEvents[sdk=iphonesimulator*]" = YES;
				"INFOPLIST_KEY_UILaunchScreen_Generation[sdk=iphoneos*]" = YES;
				"INFOPLIST_KEY_UILaunchScreen_Generation[sdk=iphonesimulator*]" = YES;
				"INFOPLIST_KEY_UIStatusBarStyle[sdk=iphoneos*]" = UIStatusBarStyleDefault;
				"INFOPLIST_KEY_UIStatusBarStyle[sdk=iphonesimulator*]" = UIStatusBarStyleDefault;
				INFOPLIST_KEY_UISupportedInterfaceOrientations_iPad = "UIInterfaceOrientationPortrait UIInterfaceOrientationPortraitUpsideDown UIInterfaceOrientationLandscapeLeft UIInterfaceOrientationLandscapeRight";
				INFOPLIST_KEY_UISupportedInterfaceOrientations_iPhone = "UIInterfaceOrientationPortrait UIInterfaceOrientationLandscapeLeft UIInterfaceOrientationLandscapeRight";
				IPHONEOS_DEPLOYMENT_TARGET = 16.0;
				LD_RUNPATH_SEARCH_PATHS = "@executable_path/Frameworks";
				"LD_RUNPATH_SEARCH_PATHS[sdk=macosx*]" = "@executable_path/../Frameworks";
				MACOSX_DEPLOYMENT_TARGET = 12.3;
				MARKETING_VERSION = 1.0;
				PRODUCT_BUNDLE_IDENTIFIER = "demo.-6-oct";
				PRODUCT_NAME = "$(TARGET_NAME)";
				SDKROOT = auto;
				SUPPORTED_PLATFORMS = "iphoneos iphonesimulator macosx";
				SWIFT_EMIT_LOC_STRINGS = YES;
				SWIFT_VERSION = 5.0;
				TARGETED_DEVICE_FAMILY = "1,2";
			};
			name = Debug;
		};
		05EF048629094E71000781E2 /* Release */ = {
			isa = XCBuildConfiguration;
			buildSettings = {
				ASSETCATALOG_COMPILER_APPICON_NAME = AppIcon;
				ASSETCATALOG_COMPILER_GLOBAL_ACCENT_COLOR_NAME = AccentColor;
				CODE_SIGN_ENTITLEMENTS = 26.oct/_6_oct.entitlements;
				CODE_SIGN_STYLE = Automatic;
				CURRENT_PROJECT_VERSION = 1;
				DEVELOPMENT_ASSET_PATHS = "\"26.oct/Preview Content\"";
				ENABLE_PREVIEWS = YES;
				GENERATE_INFOPLIST_FILE = YES;
				"INFOPLIST_KEY_UIApplicationSceneManifest_Generation[sdk=iphoneos*]" = YES;
				"INFOPLIST_KEY_UIApplicationSceneManifest_Generation[sdk=iphonesimulator*]" = YES;
				"INFOPLIST_KEY_UIApplicationSupportsIndirectInputEvents[sdk=iphoneos*]" = YES;
				"INFOPLIST_KEY_UIApplicationSupportsIndirectInputEvents[sdk=iphonesimulator*]" = YES;
				"INFOPLIST_KEY_UILaunchScreen_Generation[sdk=iphoneos*]" = YES;
				"INFOPLIST_KEY_UILaunchScreen_Generation[sdk=iphonesimulator*]" = YES;
				"INFOPLIST_KEY_UIStatusBarStyle[sdk=iphoneos*]" = UIStatusBarStyleDefault;
				"INFOPLIST_KEY_UIStatusBarStyle[sdk=iphonesimulator*]" = UIStatusBarStyleDefault;
				INFOPLIST_KEY_UISupportedInterfaceOrientations_iPad = "UIInterfaceOrientationPortrait UIInterfaceOrientationPortraitUpsideDown UIInterfaceOrientationLandscapeLeft UIInterfaceOrientationLandscapeRight";
				INFOPLIST_KEY_UISupportedInterfaceOrientations_iPhone = "UIInterfaceOrientationPortrait UIInterfaceOrientationLandscapeLeft UIInterfaceOrientationLandscapeRight";
				IPHONEOS_DEPLOYMENT_TARGET = 16.0;
				LD_RUNPATH_SEARCH_PATHS = "@executable_path/Frameworks";
				"LD_RUNPATH_SEARCH_PATHS[sdk=macosx*]" = "@executable_path/../Frameworks";
				MACOSX_DEPLOYMENT_TARGET = 12.3;
				MARKETING_VERSION = 1.0;
				PRODUCT_BUNDLE_IDENTIFIER = "demo.-6-oct";
				PRODUCT_NAME = "$(TARGET_NAME)";
				SDKROOT = auto;
				SUPPORTED_PLATFORMS = "iphoneos iphonesimulator macosx";
				SWIFT_EMIT_LOC_STRINGS = YES;
				SWIFT_VERSION = 5.0;
				TARGETED_DEVICE_FAMILY = "1,2";
			};
			name = Release;
		};
		05EF048829094E71000781E2 /* Debug */ = {
			isa = XCBuildConfiguration;
			buildSettings = {
				ALWAYS_EMBED_SWIFT_STANDARD_LIBRARIES = YES;
				BUNDLE_LOADER = "$(TEST_HOST)";
				CODE_SIGN_STYLE = Automatic;
				CURRENT_PROJECT_VERSION = 1;
				GENERATE_INFOPLIST_FILE = YES;
				IPHONEOS_DEPLOYMENT_TARGET = 16.0;
				MACOSX_DEPLOYMENT_TARGET = 12.3;
				MARKETING_VERSION = 1.0;
				PRODUCT_BUNDLE_IDENTIFIER = "demo.-6-octTests";
				PRODUCT_NAME = "$(TARGET_NAME)";
				SDKROOT = auto;
				SUPPORTED_PLATFORMS = "iphoneos iphonesimulator macosx";
				SWIFT_EMIT_LOC_STRINGS = NO;
				SWIFT_VERSION = 5.0;
				TARGETED_DEVICE_FAMILY = "1,2";
				TEST_HOST = "$(BUILT_PRODUCTS_DIR)/26.oct.app/$(BUNDLE_EXECUTABLE_FOLDER_PATH)/26.oct";
			};
			name = Debug;
		};
		05EF048929094E71000781E2 /* Release */ = {
			isa = XCBuildConfiguration;
			buildSettings = {
				ALWAYS_EMBED_SWIFT_STANDARD_LIBRARIES = YES;
				BUNDLE_LOADER = "$(TEST_HOST)";
				CODE_SIGN_STYLE = Automatic;
				CURRENT_PROJECT_VERSION = 1;
				GENERATE_INFOPLIST_FILE = YES;
				IPHONEOS_DEPLOYMENT_TARGET = 16.0;
				MACOSX_DEPLOYMENT_TARGET = 12.3;
				MARKETING_VERSION = 1.0;
				PRODUCT_BUNDLE_IDENTIFIER = "demo.-6-octTests";
				PRODUCT_NAME = "$(TARGET_NAME)";
				SDKROOT = auto;
				SUPPORTED_PLATFORMS = "iphoneos iphonesimulator macosx";
				SWIFT_EMIT_LOC_STRINGS = NO;
				SWIFT_VERSION = 5.0;
				TARGETED_DEVICE_FAMILY = "1,2";
				TEST_HOST = "$(BUILT_PRODUCTS_DIR)/26.oct.app/$(BUNDLE_EXECUTABLE_FOLDER_PATH)/26.oct";
			};
			name = Release;
		};
		05EF048B29094E71000781E2 /* Debug */ = {
			isa = XCBuildConfiguration;
			buildSettings = {
				ALWAYS_EMBED_SWIFT_STANDARD_LIBRARIES = YES;
				CODE_SIGN_STYLE = Automatic;
				CURRENT_PROJECT_VERSION = 1;
				GENERATE_INFOPLIST_FILE = YES;
				IPHONEOS_DEPLOYMENT_TARGET = 16.0;
				MACOSX_DEPLOYMENT_TARGET = 12.3;
				MARKETING_VERSION = 1.0;
				PRODUCT_BUNDLE_IDENTIFIER = "demo.-6-octUITests";
				PRODUCT_NAME = "$(TARGET_NAME)";
				SDKROOT = auto;
				SUPPORTED_PLATFORMS = "iphoneos iphonesimulator macosx";
				SWIFT_EMIT_LOC_STRINGS = NO;
				SWIFT_VERSION = 5.0;
				TARGETED_DEVICE_FAMILY = "1,2";
				TEST_TARGET_NAME = 26.oct;
			};
			name = Debug;
		};
		05EF048C29094E71000781E2 /* Release */ = {
			isa = XCBuildConfiguration;
			buildSettings = {
				ALWAYS_EMBED_SWIFT_STANDARD_LIBRARIES = YES;
				CODE_SIGN_STYLE = Automatic;
				CURRENT_PROJECT_VERSION = 1;
				GENERATE_INFOPLIST_FILE = YES;
				IPHONEOS_DEPLOYMENT_TARGET = 16.0;
				MACOSX_DEPLOYMENT_TARGET = 12.3;
				MARKETING_VERSION = 1.0;
				PRODUCT_BUNDLE_IDENTIFIER = "demo.-6-octUITests";
				PRODUCT_NAME = "$(TARGET_NAME)";
				SDKROOT = auto;
				SUPPORTED_PLATFORMS = "iphoneos iphonesimulator macosx";
				SWIFT_EMIT_LOC_STRINGS = NO;
				SWIFT_VERSION = 5.0;
				TARGETED_DEVICE_FAMILY = "1,2";
				TEST_TARGET_NAME = 26.oct;
			};
			name = Release;
		};
/* End XCBuildConfiguration section */

/* Begin XCConfigurationList section */
		05EF045A29094E70000781E2 /* Build configuration list for PBXProject "26.oct" */ = {
			isa = XCConfigurationList;
			buildConfigurations = (
				05EF048229094E71000781E2 /* Debug */,
				05EF048329094E71000781E2 /* Release */,
			);
			defaultConfigurationIsVisible = 0;
			defaultConfigurationName = Release;
		};
		05EF048429094E71000781E2 /* Build configuration list for PBXNativeTarget "26.oct" */ = {
			isa = XCConfigurationList;
			buildConfigurations = (
				05EF048529094E71000781E2 /* Debug */,
				05EF048629094E71000781E2 /* Release */,
			);
			defaultConfigurationIsVisible = 0;
			defaultConfigurationName = Release;
		};
		05EF048729094E71000781E2 /* Build configuration list for PBXNativeTarget "26.octTests" */ = {
			isa = XCConfigurationList;
			buildConfigurations = (
				05EF048829094E71000781E2 /* Debug */,
				05EF048929094E71000781E2 /* Release */,
			);
			defaultConfigurationIsVisible = 0;
			defaultConfigurationName = Release;
		};
		05EF048A29094E71000781E2 /* Build configuration list for PBXNativeTarget "26.octUITests" */ = {
			isa = XCConfigurationList;
			buildConfigurations = (
				05EF048B29094E71000781E2 /* Debug */,
				05EF048C29094E71000781E2 /* Release */,
			);
			defaultConfigurationIsVisible = 0;
			defaultConfigurationName = Release;
		};
/* End XCConfigurationList section */
	};
	rootObject = 05EF045729094E70000781E2 /* Project object */;
}
